
Microsoft Visual Studio Solution File, Format Version 12.00
# Visual Studio Version 17
VisualStudioVersion = 17.14.36414.22 d17.14
MinimumVisualStudioVersion = 10.0.40219.1
Project("{FAE04EC0-301F-11D3-BF4B-00C04F79EFBC}") = "Project_Kleur", "Project_Kleur\Project_Kleur.csproj", "{C1748CED-0861-4995-9BB4-0AC7690D2D0D}"
EndProject
Global
	GlobalSection(SolutionConfigurationPlatforms) = preSolution
		Debug|Any CPU = Debug|Any CPU
		Release|Any CPU = Release|Any CPU
	EndGlobalSection
	GlobalSection(ProjectConfigurationPlatforms) = postSolution
		{C1748CED-0861-4995-9BB4-0AC7690D2D0D}.Debug|Any CPU.ActiveCfg = Debug|Any CPU
		{C1748CED-0861-4995-9BB4-0AC7690D2D0D}.Debug|Any CPU.Build.0 = Debug|Any CPU
		{C1748CED-0861-4995-9BB4-0AC7690D2D0D}.Release|Any CPU.ActiveCfg = Release|Any CPU
		{C1748CED-0861-4995-9BB4-0AC7690D2D0D}.Release|Any CPU.Build.0 = Release|Any CPU
	EndGlobalSection
	GlobalSection(SolutionProperties) = preSolution
		HideSolutionNode = FALSE
	EndGlobalSection
	GlobalSection(ExtensibilityGlobals) = postSolution
		SolutionGuid = {F0C383B6-8C96-4F84-9DFB-2157BED093C6}
	EndGlobalSection
EndGlobal
