
Microsoft Visual Studio Solution File, Format Version 12.00
# Visual Studio Version 17
VisualStudioVersion = 17.14.36414.22 d17.14
MinimumVisualStudioVersion = 10.0.40219.1
Project("{FAE04EC0-301F-11D3-BF4B-00C04F79EFBC}") = "ProjectToets02_Overjezelf", "ProjectToets02_Overjezelf\ProjectToets02_Overjezelf.csproj", "{DA5643AA-F59E-45B9-B579-7F95CF79E7BF}"
EndProject
Global
	GlobalSection(SolutionConfigurationPlatforms) = preSolution
		Debug|Any CPU = Debug|Any CPU
		Release|Any CPU = Release|Any CPU
	EndGlobalSection
	GlobalSection(ProjectConfigurationPlatforms) = postSolution
		{DA5643AA-F59E-45B9-B579-7F95CF79E7BF}.Debug|Any CPU.ActiveCfg = Debug|Any CPU
		{DA5643AA-F59E-45B9-B579-7F95CF79E7BF}.Debug|Any CPU.Build.0 = Debug|Any CPU
		{DA5643AA-F59E-45B9-B579-7F95CF79E7BF}.Release|Any CPU.ActiveCfg = Release|Any CPU
		{DA5643AA-F59E-45B9-B579-7F95CF79E7BF}.Release|Any CPU.Build.0 = Release|Any CPU
	EndGlobalSection
	GlobalSection(SolutionProperties) = preSolution
		HideSolutionNode = FALSE
	EndGlobalSection
	GlobalSection(ExtensibilityGlobals) = postSolution
		SolutionGuid = {A25702AC-E348-4694-A67F-5F137DD91D43}
	EndGlobalSection
EndGlobal
